
Microsoft Visual Studio Solution File, Format Version 12.00
# Visual Studio Version 17
VisualStudioVersion = 17.0.31919.166
MinimumVisualStudioVersion = 10.0.40219.1
Project("{FAE04EC0-301F-11D3-BF4B-00C04F79EFBC}") = "ImageProcessingApp", "ImageProcessingApp\ImageProcessingApp.csproj", "{AB52B791-BD61-4C72-9D8A-5CB9AD188515}"
EndProject
Global
	GlobalSection(SolutionConfigurationPlatforms) = preSolution
		Debug|Any CPU = Debug|Any CPU
		Release|Any CPU = Release|Any CPU
	EndGlobalSection
	GlobalSection(ProjectConfigurationPlatforms) = postSolution
		{AB52B791-BD61-4C72-9D8A-5CB9AD188515}.Debug|Any CPU.ActiveCfg = Debug|Any CPU
		{AB52B791-BD61-4C72-9D8A-5CB9AD188515}.Debug|Any CPU.Build.0 = Debug|Any CPU
		{AB52B791-BD61-4C72-9D8A-5CB9AD188515}.Release|Any CPU.ActiveCfg = Release|Any CPU
		{AB52B791-BD61-4C72-9D8A-5CB9AD188515}.Release|Any CPU.Build.0 = Release|Any CPU
	EndGlobalSection
	GlobalSection(SolutionProperties) = preSolution
		HideSolutionNode = FALSE
	EndGlobalSection
	GlobalSection(ExtensibilityGlobals) = postSolution
		SolutionGuid = {14014F7E-C694-481C-987B-4CC86B1D1B89}
	EndGlobalSection
EndGlobal
